
Microsoft Visual Studio Solution File, Format Version 12.00
# Visual Studio Version 16
VisualStudioVersion = 16.0.31702.278
MinimumVisualStudioVersion = 10.0.40219.1
Project("{9A19103F-16F7-4668-BE54-9A1E7A4F7556}") = "Ples_Claudiu_Lab2", "Ples_Claudiu_Lab2.csproj", "{1ACD2448-2071-42E1-A46B-F784194404B2}"
EndProject
Project("{FAE04EC0-301F-11D3-BF4B-00C04F79EFBC}") = "Ples_Claudiu_Lab5", "..\..\Lab5\Ples_Claudiu_Lab5\Ples_Claudiu_Lab5\Ples_Claudiu_Lab5.csproj", "{87A23DB6-C34F-4B0E-B214-A349EAE5B431}"
EndProject
Project("{FAE04EC0-301F-11D3-BF4B-00C04F79EFBC}") = "AutoLotModel", "..\..\Lab5\AutoLotModel\AutoLotModel.csproj", "{FF4F06BB-FA2A-4154-BC7E-5FEBF495C2B8}"
EndProject
Global
	GlobalSection(SolutionConfigurationPlatforms) = preSolution
		Debug|Any CPU = Debug|Any CPU
		Release|Any CPU = Release|Any CPU
	EndGlobalSection
	GlobalSection(ProjectConfigurationPlatforms) = postSolution
		{1ACD2448-2071-42E1-A46B-F784194404B2}.Debug|Any CPU.ActiveCfg = Debug|Any CPU
		{1ACD2448-2071-42E1-A46B-F784194404B2}.Debug|Any CPU.Build.0 = Debug|Any CPU
		{1ACD2448-2071-42E1-A46B-F784194404B2}.Release|Any CPU.ActiveCfg = Release|Any CPU
		{1ACD2448-2071-42E1-A46B-F784194404B2}.Release|Any CPU.Build.0 = Release|Any CPU
		{87A23DB6-C34F-4B0E-B214-A349EAE5B431}.Debug|Any CPU.ActiveCfg = Debug|Any CPU
		{87A23DB6-C34F-4B0E-B214-A349EAE5B431}.Debug|Any CPU.Build.0 = Debug|Any CPU
		{87A23DB6-C34F-4B0E-B214-A349EAE5B431}.Release|Any CPU.ActiveCfg = Release|Any CPU
		{87A23DB6-C34F-4B0E-B214-A349EAE5B431}.Release|Any CPU.Build.0 = Release|Any CPU
		{FF4F06BB-FA2A-4154-BC7E-5FEBF495C2B8}.Debug|Any CPU.ActiveCfg = Debug|Any CPU
		{FF4F06BB-FA2A-4154-BC7E-5FEBF495C2B8}.Debug|Any CPU.Build.0 = Debug|Any CPU
		{FF4F06BB-FA2A-4154-BC7E-5FEBF495C2B8}.Release|Any CPU.ActiveCfg = Release|Any CPU
		{FF4F06BB-FA2A-4154-BC7E-5FEBF495C2B8}.Release|Any CPU.Build.0 = Release|Any CPU
	EndGlobalSection
	GlobalSection(SolutionProperties) = preSolution
		HideSolutionNode = FALSE
	EndGlobalSection
	GlobalSection(ExtensibilityGlobals) = postSolution
		SolutionGuid = {13C1E13B-F7EA-4F20-AADB-4E3EC73F85F8}
	EndGlobalSection
EndGlobal
